
Microsoft Visual Studio Solution File, Format Version 12.00
# Visual Studio Version 17
VisualStudioVersion = 17.6.33829.357
MinimumVisualStudioVersion = 10.0.40219.1
Project("{FAE04EC0-301F-11D3-BF4B-00C04F79EFBC}") = "ComputerAverageApp", "ComputerAverageApp\ComputerAverageApp.csproj", "{50C5E266-F47A-4BF7-B4AA-BBE22A071868}"
EndProject
Global
	GlobalSection(SolutionConfigurationPlatforms) = preSolution
		Debug|Any CPU = Debug|Any CPU
		Release|Any CPU = Release|Any CPU
	EndGlobalSection
	GlobalSection(ProjectConfigurationPlatforms) = postSolution
		{50C5E266-F47A-4BF7-B4AA-BBE22A071868}.Debug|Any CPU.ActiveCfg = Debug|Any CPU
		{50C5E266-F47A-4BF7-B4AA-BBE22A071868}.Debug|Any CPU.Build.0 = Debug|Any CPU
		{50C5E266-F47A-4BF7-B4AA-BBE22A071868}.Release|Any CPU.ActiveCfg = Release|Any CPU
		{50C5E266-F47A-4BF7-B4AA-BBE22A071868}.Release|Any CPU.Build.0 = Release|Any CPU
	EndGlobalSection
	GlobalSection(SolutionProperties) = preSolution
		HideSolutionNode = FALSE
	EndGlobalSection
	GlobalSection(ExtensibilityGlobals) = postSolution
		SolutionGuid = {594BCA2B-7387-4E80-AC3A-3899F7CE5BE6}
	EndGlobalSection
EndGlobal
